
Microsoft Visual Studio Solution File, Format Version 12.00
# Visual Studio 15
VisualStudioVersion = 15.0.28307.106
MinimumVisualStudioVersion = 10.0.40219.1
Project("{FAE04EC0-301F-11D3-BF4B-00C04F79EFBC}") = "CalculatorForWin10", "CalculatorForWin10\CalculatorForWin10.csproj", "{74B1404A-52E8-4406-8509-3A261263C92F}"
EndProject
Global
	GlobalSection(SolutionConfigurationPlatforms) = preSolution
		Debug|Any CPU = Debug|Any CPU
		Release|Any CPU = Release|Any CPU
	EndGlobalSection
	GlobalSection(ProjectConfigurationPlatforms) = postSolution
		{74B1404A-52E8-4406-8509-3A261263C92F}.Debug|Any CPU.ActiveCfg = Debug|Any CPU
		{74B1404A-52E8-4406-8509-3A261263C92F}.Debug|Any CPU.Build.0 = Debug|Any CPU
		{74B1404A-52E8-4406-8509-3A261263C92F}.Release|Any CPU.ActiveCfg = Release|Any CPU
		{74B1404A-52E8-4406-8509-3A261263C92F}.Release|Any CPU.Build.0 = Release|Any CPU
	EndGlobalSection
	GlobalSection(SolutionProperties) = preSolution
		HideSolutionNode = FALSE
	EndGlobalSection
	GlobalSection(ExtensibilityGlobals) = postSolution
		SolutionGuid = {70088DE3-7A30-4408-839B-43D091F24287}
	EndGlobalSection
EndGlobal
